{
  "name": "ng2-prosemirror",
  "version": "1.1.7",
  "lockfileVersion": 1,
  "requires": true,
  "dependencies": {
    "@angular/common": {
      "version": "2.4.10",
      "resolved": "https://registry.npmjs.org/@angular/common/-/common-2.4.10.tgz",
      "integrity": "sha1-o6aC0iKPow7CPdDrV8joh/uiaZc=",
      "dev": true
    },
    "@angular/compiler": {
      "version": "2.4.10",
      "resolved": "https://registry.npmjs.org/@angular/compiler/-/compiler-2.4.10.tgz",
      "integrity": "sha1-9R/TSCCyoCx8th+89JhzxYBW+ww=",
      "dev": true
    },
    "@angular/compiler-cli": {
      "version": "2.4.10",
      "resolved": "https://registry.npmjs.org/@angular/compiler-cli/-/compiler-cli-2.4.10.tgz",
      "integrity": "sha1-whFDv6q0UjHI0uqoJFa+09OfkaM=",
      "dev": true,
      "requires": {
        "@angular/tsc-wrapped": "0.5.2",
        "minimist": "^1.2.0",
        "reflect-metadata": "^0.1.2"
      }
    },
    "@angular/core": {
      "version": "2.4.10",
      "resolved": "https://registry.npmjs.org/@angular/core/-/core-2.4.10.tgz",
      "integrity": "sha1-C4MgplBlll2ZhkWx9c0892m0Qeo=",
      "dev": true
    },
    "@angular/forms": {
      "version": "2.4.10",
      "resolved": "https://registry.npmjs.org/@angular/forms/-/forms-2.4.10.tgz",
      "integrity": "sha1-BiEzqq3h87PJYvFZMgjFQbYi/QY=",
      "dev": true
    },
    "@angular/platform-browser": {
      "version": "2.4.10",
      "resolved": "https://registry.npmjs.org/@angular/platform-browser/-/platform-browser-2.4.10.tgz",
      "integrity": "sha1-y/JWCBSPtP/vlsxQBbpdez4JOQY=",
      "dev": true
    },
    "@angular/platform-server": {
      "version": "2.4.10",
      "resolved": "https://registry.npmjs.org/@angular/platform-server/-/platform-server-2.4.10.tgz",
      "integrity": "sha1-7eAwdQgfgH7YPdjskvKSSFj7NFU=",
      "dev": true,
      "requires": {
        "parse5": "^2.2.1"
      }
    },
    "@angular/tsc-wrapped": {
      "version": "0.5.2",
      "resolved": "https://registry.npmjs.org/@angular/tsc-wrapped/-/tsc-wrapped-0.5.2.tgz",
      "integrity": "sha1-Lt30csRn/LM06pTe3aqnGZDFpII=",
      "dev": true,
      "requires": {
        "tsickle": "^0.2"
      }
    },
    "@types/ckeditor": {
      "version": "0.0.33",
      "resolved": "https://registry.npmjs.org/@types/ckeditor/-/ckeditor-0.0.33.tgz",
      "integrity": "sha1-u1GVp8vbXcHVT5axa4WdIPsf2rc=",
      "dev": true
    },
    "@types/core-js": {
      "version": "0.9.36",
      "resolved": "https://registry.npmjs.org/@types/core-js/-/core-js-0.9.36.tgz",
      "integrity": "sha1-1yHnzAAH0QzmatJj6/R4pAccU/Q=",
      "dev": true
    },
    "@types/node": {
      "version": "6.0.102",
      "resolved": "http://registry.npmjs.org/@types/node/-/node-6.0.102.tgz",
      "integrity": "sha512-EhNufyBoC1Kqaj+XMHGzi6mPUC8wVABOMTPE5XaSJc49LIVvXsyrV1HYMAPTUViT7E4wLUB38OdDmb+HshjGmA==",
      "dev": true
    },
    "argparse": {
      "version": "1.0.10",
      "resolved": "https://registry.npmjs.org/argparse/-/argparse-1.0.10.tgz",
      "integrity": "sha512-o5Roy6tNG4SL/FOkCAN6RzjiakZS25RLYFrcMttJqbdd8BWrnA+fGz57iN5Pb06pvBGvl5gQ0B48dJlslXvoTg==",
      "requires": {
        "sprintf-js": "~1.0.2"
      }
    },
    "crel": {
      "version": "3.1.0",
      "resolved": "https://registry.npmjs.org/crel/-/crel-3.1.0.tgz",
      "integrity": "sha512-VIGY44ERxx8lXVkOEfcB0A49OkjxkQNK+j+fHvoLy7GsGX1KKgAaQ+p9N0YgvQXu+X+ryUWGDeLx/fSI+w7+eg=="
    },
    "entities": {
      "version": "1.1.2",
      "resolved": "https://registry.npmjs.org/entities/-/entities-1.1.2.tgz",
      "integrity": "sha512-f2LZMYl1Fzu7YSBKg+RoROelpOaNrcGmE9AZubeDfrCEia483oW4MI4VyFd5VNHIgQ/7qm1I0wUHK1eJnn2y2w=="
    },
    "linkify-it": {
      "version": "2.2.0",
      "resolved": "https://registry.npmjs.org/linkify-it/-/linkify-it-2.2.0.tgz",
      "integrity": "sha512-GnAl/knGn+i1U/wjBz3akz2stz+HrHLsxMwHQGofCDfPvlf+gDKN58UtfmUquTY4/MXeE2x7k19KQmeoZi94Iw==",
      "requires": {
        "uc.micro": "^1.0.1"
      }
    },
    "markdown-it": {
      "version": "8.4.2",
      "resolved": "https://registry.npmjs.org/markdown-it/-/markdown-it-8.4.2.tgz",
      "integrity": "sha512-GcRz3AWTqSUphY3vsUqQSFMbgR38a4Lh3GWlHRh/7MRwz8mcu9n2IO7HOh+bXHrR9kOPDl5RNCaEsrneb+xhHQ==",
      "requires": {
        "argparse": "^1.0.7",
        "entities": "~1.1.1",
        "linkify-it": "^2.0.0",
        "mdurl": "^1.0.1",
        "uc.micro": "^1.0.5"
      }
    },
    "mdurl": {
      "version": "1.0.1",
      "resolved": "https://registry.npmjs.org/mdurl/-/mdurl-1.0.1.tgz",
      "integrity": "sha1-/oWy7HWlkDfyrf7BAP1sYBdhFS4="
    },
    "minimist": {
      "version": "1.2.0",
      "resolved": "https://registry.npmjs.org/minimist/-/minimist-1.2.0.tgz",
      "integrity": "sha1-o1AIsg9BOD7sH7kU9M1d95omQoQ=",
      "dev": true
    },
    "mkdirp": {
      "version": "0.5.1",
      "resolved": "https://registry.npmjs.org/mkdirp/-/mkdirp-0.5.1.tgz",
      "integrity": "sha1-MAV0OOrGz3+MR2fzhkjWaX11yQM=",
      "dev": true,
      "requires": {
        "minimist": "0.0.8"
      },
      "dependencies": {
        "minimist": {
          "version": "0.0.8",
          "resolved": "https://registry.npmjs.org/minimist/-/minimist-0.0.8.tgz",
          "integrity": "sha1-hX/Kv8M5fSYluCKCYuhqp6ARsF0=",
          "dev": true
        }
      }
    },
    "orderedmap": {
      "version": "1.0.0",
      "resolved": "https://registry.npmjs.org/orderedmap/-/orderedmap-1.0.0.tgz",
      "integrity": "sha1-2Q/Cuh7QhRkJB9YB3sbmpT+NQbo="
    },
    "parse5": {
      "version": "2.2.3",
      "resolved": "https://registry.npmjs.org/parse5/-/parse5-2.2.3.tgz",
      "integrity": "sha1-DE/EHBAAxea5PUiwP4CDg3g06fY=",
      "dev": true
    },
    "prosemirror-commands": {
      "version": "1.0.8",
      "resolved": "https://registry.npmjs.org/prosemirror-commands/-/prosemirror-commands-1.0.8.tgz",
      "integrity": "sha512-P9QdkYYBHWsrJ1JztQuHgeZS7DPCcijQduOj9oxFiqK8Fm6eTsVHzU1IwiRBe+FlK7tyQaerhu/F5K8sqnZ1Cw==",
      "requires": {
        "prosemirror-model": "^1.0.0",
        "prosemirror-state": "^1.0.0",
        "prosemirror-transform": "^1.0.0"
      }
    },
    "prosemirror-dropcursor": {
      "version": "1.1.1",
      "resolved": "https://registry.npmjs.org/prosemirror-dropcursor/-/prosemirror-dropcursor-1.1.1.tgz",
      "integrity": "sha512-GeUyMO/tOEf8MXrP7Xb7UIMrfK86OGh0fnyBrHfhav4VjY9cw65mNoqHy87CklE5711AhCP5Qzfp8RL/hVKusg==",
      "requires": {
        "prosemirror-state": "^1.0.0",
        "prosemirror-transform": "^1.1.0",
        "prosemirror-view": "^1.1.0"
      }
    },
    "prosemirror-example-setup": {
      "version": "github:Rokfor/prosemirror-example-setup#de2ca0a5e5f63d199c413a8719218433a444a86a",
      "from": "github:Rokfor/prosemirror-example-setup#master",
      "requires": {
        "prosemirror-commands": "^1.0.0",
        "prosemirror-dropcursor": "^1.0.0",
        "prosemirror-gapcursor": "^1.0.0",
        "prosemirror-history": "^1.0.0",
        "prosemirror-inputrules": "^1.0.0",
        "prosemirror-keymap": "^1.0.0",
        "prosemirror-menu": "^1.0.0",
        "prosemirror-schema-list": "^1.0.0",
        "prosemirror-state": "^1.0.0"
      }
    },
    "prosemirror-gapcursor": {
      "version": "1.0.4",
      "resolved": "https://registry.npmjs.org/prosemirror-gapcursor/-/prosemirror-gapcursor-1.0.4.tgz",
      "integrity": "sha512-k021MtJibWs3NaJI6S9tCXfTZ/kaugFZBndHkkWx3Zfk0QDUO6JfVATpflxADN6DUkRwJ7qWyHlLDWu71hxHFQ==",
      "requires": {
        "prosemirror-keymap": "^1.0.0",
        "prosemirror-model": "^1.0.0",
        "prosemirror-state": "^1.0.0",
        "prosemirror-view": "^1.0.0"
      }
    },
    "prosemirror-history": {
      "version": "1.0.4",
      "resolved": "https://registry.npmjs.org/prosemirror-history/-/prosemirror-history-1.0.4.tgz",
      "integrity": "sha512-Kk2UisC9EzYcsNv+ILiQJWpsu0rbT6+oAAkvseFUHnudtfkmYAJu1+Xp3F0xTTCVmQdSqSLVk8qydllXUUOU4Q==",
      "requires": {
        "prosemirror-state": "^1.2.2",
        "prosemirror-transform": "^1.0.0",
        "rope-sequence": "^1.2.0"
      }
    },
    "prosemirror-inputrules": {
      "version": "1.0.4",
      "resolved": "https://registry.npmjs.org/prosemirror-inputrules/-/prosemirror-inputrules-1.0.4.tgz",
      "integrity": "sha512-RhuBghqUgYWm8ai/P+k1lMl1ZGvt6Cs3Xeur8oN0L1Yy+Z5GmsTp3fT8RVl+vJeGkItEAxAit9Qh7yZxixX7rA==",
      "requires": {
        "prosemirror-state": "^1.0.0",
        "prosemirror-transform": "^1.0.0"
      }
    },
    "prosemirror-keymap": {
      "version": "1.0.1",
      "resolved": "https://registry.npmjs.org/prosemirror-keymap/-/prosemirror-keymap-1.0.1.tgz",
      "integrity": "sha512-e79ApE7PXXZMFtPz7WbjycjAFd1NPjgY1MkecVz98tqwlBSggXWXYQnWFk6x7UkmnBYRHHbXHkR/RXmu2wyBJg==",
      "requires": {
        "prosemirror-state": "^1.0.0",
        "w3c-keyname": "^1.1.8"
      }
    },
    "prosemirror-markdown": {
      "version": "github:Rokfor/prosemirror-markdown#e940169543e423c46aba3b5c40d732e286ff31cf",
      "from": "github:Rokfor/prosemirror-markdown#master",
      "requires": {
        "markdown-it": "^8.4.2",
        "prosemirror-model": "^1.0.0"
      }
    },
    "prosemirror-menu": {
      "version": "1.0.5",
      "resolved": "https://registry.npmjs.org/prosemirror-menu/-/prosemirror-menu-1.0.5.tgz",
      "integrity": "sha512-9Vrn7CC191v7FA4QrAkL8W1SrR73V3CRIYCDuk94R8oFVk4VxSFdoKVLHuvGzxZ8b5LCu3DMJfh86YW9uL4RkQ==",
      "requires": {
        "crel": "^3.0.0",
        "prosemirror-commands": "^1.0.0",
        "prosemirror-history": "^1.0.0",
        "prosemirror-state": "^1.0.0"
      }
    },
    "prosemirror-model": {
      "version": "1.7.1",
      "resolved": "https://registry.npmjs.org/prosemirror-model/-/prosemirror-model-1.7.1.tgz",
      "integrity": "sha512-hYrZPbJvdo2QWERmkCuS80BEf5Rcf3+S28ETr4xu8XKPYjmU6aeQn23G1Fu/2rwqUmk5ZyWYo2nyEsN+Cdv2Qg==",
      "requires": {
        "orderedmap": "^1.0.0"
      }
    },
    "prosemirror-schema-list": {
      "version": "1.0.3",
      "resolved": "https://registry.npmjs.org/prosemirror-schema-list/-/prosemirror-schema-list-1.0.3.tgz",
      "integrity": "sha512-+zzSawVds8LsZpl/bLTCYk2lYactF93W219Czh81zBILikCRDOHjp1CQ1os4ZXBp6LlD+JnBqF1h59Q+hilOoQ==",
      "requires": {
        "prosemirror-model": "^1.0.0",
        "prosemirror-transform": "^1.0.0"
      }
    },
    "prosemirror-state": {
      "version": "1.2.3",
      "resolved": "https://registry.npmjs.org/prosemirror-state/-/prosemirror-state-1.2.3.tgz",
      "integrity": "sha512-TNFw98jHLcU7JXViozcDHxzIWQj7WfGqTAB05RCrkkUuIleKekW9PbhQGXRZdlSPFkViPlLy/emh+5HtjH1Yzg==",
      "requires": {
        "prosemirror-model": "^1.0.0",
        "prosemirror-transform": "^1.0.0"
      }
    },
    "prosemirror-transform": {
      "version": "1.1.3",
      "resolved": "https://registry.npmjs.org/prosemirror-transform/-/prosemirror-transform-1.1.3.tgz",
      "integrity": "sha512-1O6Di5lOL1mp4nuCnQNkHY7l2roIW5y8RH4ZG3hMYmkmDEWzTaFFnxxAAHsE5ipGLBSRcTlP7SsDhYBIdSuLpQ==",
      "requires": {
        "prosemirror-model": "^1.0.0"
      }
    },
    "prosemirror-view": {
      "version": "1.9.10",
      "resolved": "https://registry.npmjs.org/prosemirror-view/-/prosemirror-view-1.9.10.tgz",
      "integrity": "sha512-jdRLg19sdcxgKUEaH61LjzIy6MUSQmDsU2OnNGvjSbl5UgZNMg+fWkjGqWDd+llGdh1DLaM0ItBHfHd9OeZA+Q==",
      "requires": {
        "prosemirror-model": "^1.1.0",
        "prosemirror-state": "^1.0.0",
        "prosemirror-transform": "^1.1.0"
      }
    },
    "reflect-metadata": {
      "version": "0.1.12",
      "resolved": "https://registry.npmjs.org/reflect-metadata/-/reflect-metadata-0.1.12.tgz",
      "integrity": "sha512-n+IyV+nGz3+0q3/Yf1ra12KpCyi001bi4XFxSjbiWWjfqb52iTTtpGXmCCAOWWIAn9KEuFZKGqBERHmrtScZ3A==",
      "dev": true
    },
    "rope-sequence": {
      "version": "1.2.2",
      "resolved": "https://registry.npmjs.org/rope-sequence/-/rope-sequence-1.2.2.tgz",
      "integrity": "sha1-ScTlwvVKSOmQsFCSZ3HihxvLMc4="
    },
    "rxjs": {
      "version": "5.5.7",
      "resolved": "https://registry.npmjs.org/rxjs/-/rxjs-5.5.7.tgz",
      "integrity": "sha512-Hxo2ac8gRQjwjtKgukMIwBRbq5+KAeEV5hXM4obYBOAghev41bDQWgFH4svYiU9UnQ5kNww2LgfyBdevCd2HXA==",
      "dev": true,
      "requires": {
        "symbol-observable": "1.0.1"
      }
    },
    "source-map": {
      "version": "0.5.7",
      "resolved": "https://registry.npmjs.org/source-map/-/source-map-0.5.7.tgz",
      "integrity": "sha1-igOdLRAh0i0eoUyA2OpGi6LvP8w=",
      "dev": true
    },
    "source-map-support": {
      "version": "0.4.18",
      "resolved": "https://registry.npmjs.org/source-map-support/-/source-map-support-0.4.18.tgz",
      "integrity": "sha512-try0/JqxPLF9nOjvSta7tVondkP5dwgyLDjVoyMDlmjugT2lRZ1OfsrYTkCd2hkDnJTKRbO/Rl3orm8vlsUzbA==",
      "dev": true,
      "requires": {
        "source-map": "^0.5.6"
      }
    },
    "sprintf-js": {
      "version": "1.0.3",
      "resolved": "https://registry.npmjs.org/sprintf-js/-/sprintf-js-1.0.3.tgz",
      "integrity": "sha1-BOaSb2YolTVPPdAVIDYzuFcpfiw="
    },
    "symbol-observable": {
      "version": "1.0.1",
      "resolved": "https://registry.npmjs.org/symbol-observable/-/symbol-observable-1.0.1.tgz",
      "integrity": "sha1-g0D8RwLDEi310iKI+IKD9RPT/dQ=",
      "dev": true
    },
    "tsickle": {
      "version": "0.2.6",
      "resolved": "https://registry.npmjs.org/tsickle/-/tsickle-0.2.6.tgz",
      "integrity": "sha1-rUq/kudOvfP7WqGHyoWwIGb+Ghs=",
      "dev": true,
      "requires": {
        "minimist": "^1.2.0",
        "mkdirp": "^0.5.1",
        "source-map": "^0.5.6",
        "source-map-support": "^0.4.2"
      }
    },
    "typescript": {
      "version": "2.7.2",
      "resolved": "https://registry.npmjs.org/typescript/-/typescript-2.7.2.tgz",
      "integrity": "sha512-p5TCYZDAO0m4G344hD+wx/LATebLWZNkkh2asWUFqSsD2OrDNhbAHuSjobrmsUmdzjJjEeZVU9g1h3O6vpstnw==",
      "dev": true
    },
    "uc.micro": {
      "version": "1.0.6",
      "resolved": "https://registry.npmjs.org/uc.micro/-/uc.micro-1.0.6.tgz",
      "integrity": "sha512-8Y75pvTYkLJW2hWQHXxoqRgV7qb9B+9vFEtidML+7koHUFapnVJAZ6cKs+Qjz5Aw3aZWHMC6u0wJE3At+nSGwA=="
    },
    "w3c-keyname": {
      "version": "1.1.8",
      "resolved": "https://registry.npmjs.org/w3c-keyname/-/w3c-keyname-1.1.8.tgz",
      "integrity": "sha512-2HAdug8GTiu3b4NYhssdtY8PXRue3ICnh1IlxvZYl+hiINRq0GfNWei3XOPDg8L0PsxbmYjWVLuLj6BMRR/9vA=="
    },
    "zone.js": {
      "version": "0.7.8",
      "resolved": "https://registry.npmjs.org/zone.js/-/zone.js-0.7.8.tgz",
      "integrity": "sha1-Tz/og01EWX8mOQU6D6Q43zT//e0=",
      "dev": true
    }
  }
}
