# THIS IS AN AUTOGENERATED FILE. DO NOT EDIT THIS FILE DIRECTLY.
# yarn lockfile v1


"@angular/common@^2.1.0":
  version "2.4.5"
  resolved "https://registry.yarnpkg.com/@angular/common/-/common-2.4.5.tgz#ada1a22b7ba01d1fdeb300115584478e031e9a4f"

"@angular/compiler-cli@^2.1.0":
  version "2.4.5"
  resolved "https://registry.yarnpkg.com/@angular/compiler-cli/-/compiler-cli-2.4.5.tgz#efabbe10558b233dcdfe985af2bd2e84f1414c97"
  dependencies:
    "@angular/tsc-wrapped" "0.5.1"
    minimist "^1.2.0"
    reflect-metadata "^0.1.2"

"@angular/compiler@^2.1.0":
  version "2.4.5"
  resolved "https://registry.yarnpkg.com/@angular/compiler/-/compiler-2.4.5.tgz#521da325e2e002398e8f9de52cfb03d303729e72"

"@angular/core@^2.1.0":
  version "2.4.5"
  resolved "https://registry.yarnpkg.com/@angular/core/-/core-2.4.5.tgz#8b05156398afde9636e65527ffb61fc74236af5a"

"@angular/forms@^2.1.0":
  version "2.4.5"
  resolved "https://registry.yarnpkg.com/@angular/forms/-/forms-2.4.5.tgz#468bd040518595c3598742ac1a22c506a7f1ab0f"

"@angular/platform-browser@^2.1.0":
  version "2.4.5"
  resolved "https://registry.yarnpkg.com/@angular/platform-browser/-/platform-browser-2.4.5.tgz#fa1bc891b1309bca83845787b9a08db36a787fee"

"@angular/platform-server@^2.1.0":
  version "2.4.5"
  resolved "https://registry.yarnpkg.com/@angular/platform-server/-/platform-server-2.4.5.tgz#4322d6a3609603edf34101f286d47db8762a08bc"
  dependencies:
    parse5 "^2.2.1"

"@angular/tsc-wrapped@0.5.1":
  version "0.5.1"
  resolved "https://registry.yarnpkg.com/@angular/tsc-wrapped/-/tsc-wrapped-0.5.1.tgz#7a69bec999eef41903dddaaccdc862cfcface52c"
  dependencies:
    tsickle "^0.2"

"@types/ckeditor@0.0.33":
  version "0.0.33"
  resolved "https://registry.yarnpkg.com/@types/ckeditor/-/ckeditor-0.0.33.tgz#bb5195a7cbdb5dc1d54f96b16b859d20fb1fdab7"

"@types/core-js@0.9.36":
  version "0.9.36"
  resolved "https://registry.yarnpkg.com/@types/core-js/-/core-js-0.9.36.tgz#d721e7cc0007d10ce66ad263ebf478a4071c53f4"

"@types/node@^6.0.45":
  version "6.0.62"
  resolved "https://registry.yarnpkg.com/@types/node/-/node-6.0.62.tgz#85222c077b54f25b57417bb708b9f877bda37f89"

argparse@^1.0.7:
  version "1.0.10"
  resolved "https://registry.yarnpkg.com/argparse/-/argparse-1.0.10.tgz#bcd6791ea5ae09725e17e5ad988134cd40b3d911"
  dependencies:
    sprintf-js "~1.0.2"

crel@^3.0.0:
  version "3.1.0"
  resolved "https://registry.yarnpkg.com/crel/-/crel-3.1.0.tgz#c0d5ed3df6b8017ff5ecc9f0743c60572e268c64"

entities@~1.1.1:
  version "1.1.1"
  resolved "https://registry.yarnpkg.com/entities/-/entities-1.1.1.tgz#6e5c2d0a5621b5dadaecef80b90edfb5cd7772f0"

linkify-it@^2.0.0:
  version "2.1.0"
  resolved "https://registry.yarnpkg.com/linkify-it/-/linkify-it-2.1.0.tgz#c4caf38a6cd7ac2212ef3c7d2bde30a91561f9db"
  dependencies:
    uc.micro "^1.0.1"

markdown-it@^8.4.2:
  version "8.4.2"
  resolved "https://registry.yarnpkg.com/markdown-it/-/markdown-it-8.4.2.tgz#386f98998dc15a37722aa7722084f4020bdd9b54"
  dependencies:
    argparse "^1.0.7"
    entities "~1.1.1"
    linkify-it "^2.0.0"
    mdurl "^1.0.1"
    uc.micro "^1.0.5"

mdurl@^1.0.1:
  version "1.0.1"
  resolved "https://registry.yarnpkg.com/mdurl/-/mdurl-1.0.1.tgz#fe85b2ec75a59037f2adfec100fd6c601761152e"

minimist@0.0.8:
  version "0.0.8"
  resolved "https://registry.yarnpkg.com/minimist/-/minimist-0.0.8.tgz#857fcabfc3397d2625b8228262e86aa7a011b05d"

minimist@^1.2.0:
  version "1.2.0"
  resolved "https://registry.yarnpkg.com/minimist/-/minimist-1.2.0.tgz#a35008b20f41383eec1fb914f4cd5df79a264284"

mkdirp@^0.5.1:
  version "0.5.1"
  resolved "https://registry.yarnpkg.com/mkdirp/-/mkdirp-0.5.1.tgz#30057438eac6cf7f8c4767f38648d6697d75c903"
  dependencies:
    minimist "0.0.8"

orderedmap@^1.0.0:
  version "1.0.0"
  resolved "https://registry.yarnpkg.com/orderedmap/-/orderedmap-1.0.0.tgz#d90fc2ba1ed085190907d601dec6e6a53f8d41ba"

parse5@^2.2.1:
  version "2.2.3"
  resolved "https://registry.yarnpkg.com/parse5/-/parse5-2.2.3.tgz#0c4fc41c1000c5e6b93d48b03f8083837834e9f6"

prosemirror-commands@^1.0.0:
  version "1.0.5"
  resolved "https://registry.yarnpkg.com/prosemirror-commands/-/prosemirror-commands-1.0.5.tgz#224835d3cf31deaf72ac800c1d2b3d6fa2c81ff9"
  dependencies:
    prosemirror-model "^1.0.0"
    prosemirror-state "^1.0.0"
    prosemirror-transform "^1.0.0"

prosemirror-dropcursor@^1.0.0:
  version "1.0.0"
  resolved "https://registry.yarnpkg.com/prosemirror-dropcursor/-/prosemirror-dropcursor-1.0.0.tgz#cf4ef449579afdc88b3dbd3e7256f2b3eaabecd6"
  dependencies:
    prosemirror-state "^1.0.0"
    prosemirror-view "^1.0.0"

prosemirror-example-setup@^1.0.1:
  version "1.0.1"
  resolved "https://registry.yarnpkg.com/prosemirror-example-setup/-/prosemirror-example-setup-1.0.1.tgz#286e750258e75348e8a3da302744a535f1f44828"
  dependencies:
    prosemirror-commands "^1.0.0"
    prosemirror-dropcursor "^1.0.0"
    prosemirror-gapcursor "^1.0.0"
    prosemirror-history "^1.0.0"
    prosemirror-inputrules "^1.0.0"
    prosemirror-keymap "^1.0.0"
    prosemirror-menu "^1.0.0"
    prosemirror-schema-list "^1.0.0"
    prosemirror-state "^1.0.0"

prosemirror-gapcursor@^1.0.0:
  version "1.0.1"
  resolved "https://registry.yarnpkg.com/prosemirror-gapcursor/-/prosemirror-gapcursor-1.0.1.tgz#48b0b5bcd26155838ef0b2d3fb6a8154ad1ebbe3"
  dependencies:
    prosemirror-keymap "^1.0.0"
    prosemirror-model "^1.0.0"
    prosemirror-state "^1.0.0"
    prosemirror-view "^1.0.0"

prosemirror-history@^1.0.0:
  version "1.0.2"
  resolved "https://registry.yarnpkg.com/prosemirror-history/-/prosemirror-history-1.0.2.tgz#25f0e6acb07f14d3d2a3985a8df84e3ff429acd1"
  dependencies:
    prosemirror-state "^1.0.0"
    prosemirror-transform "^1.0.0"
    rope-sequence "^1.2.0"

prosemirror-inputrules@^1.0.0:
  version "1.0.1"
  resolved "https://registry.yarnpkg.com/prosemirror-inputrules/-/prosemirror-inputrules-1.0.1.tgz#f63305fd966379f218e82ca76a2a9b328b66dc7b"
  dependencies:
    prosemirror-state "^1.0.0"
    prosemirror-transform "^1.0.0"

prosemirror-keymap@^1.0.0:
  version "1.0.1"
  resolved "https://registry.yarnpkg.com/prosemirror-keymap/-/prosemirror-keymap-1.0.1.tgz#03ef32b828e3a859dfb570eb84928bf2e5330bc2"
  dependencies:
    prosemirror-state "^1.0.0"
    w3c-keyname "^1.1.8"

prosemirror-markdown@^1.3.1:
  version "1.3.1"
  resolved "https://registry.yarnpkg.com/prosemirror-markdown/-/prosemirror-markdown-1.3.1.tgz#6ede0f5993758a257eb33041efed32e449b13ed4"
  dependencies:
    markdown-it "^8.4.2"
    prosemirror-model "^1.0.0"

prosemirror-menu@^1.0.0:
  version "1.0.4"
  resolved "https://registry.yarnpkg.com/prosemirror-menu/-/prosemirror-menu-1.0.4.tgz#23d0179944c5d0777f6fa30f1ec5919b5967ad1f"
  dependencies:
    crel "^3.0.0"
    prosemirror-commands "^1.0.0"
    prosemirror-history "^1.0.0"
    prosemirror-state "^1.0.0"

prosemirror-model@^1.0.0, prosemirror-model@^1.1.0:
  version "1.2.1"
  resolved "https://registry.yarnpkg.com/prosemirror-model/-/prosemirror-model-1.2.1.tgz#7ff0c000372ce85ce81395653222cc52ccfdcadd"
  dependencies:
    orderedmap "^1.0.0"

prosemirror-model@^1.7.1:
  version "1.7.1"
  resolved "https://registry.yarnpkg.com/prosemirror-model/-/prosemirror-model-1.7.1.tgz#f140a6e366e1e283aa7a94dbb8c2c7d13139689e"
  dependencies:
    orderedmap "^1.0.0"

prosemirror-schema-list@^1.0.0:
  version "1.0.0"
  resolved "https://registry.yarnpkg.com/prosemirror-schema-list/-/prosemirror-schema-list-1.0.0.tgz#799f2b53d055654a3d1212aa81de2b1701307bd4"
  dependencies:
    prosemirror-model "^1.0.0"
    prosemirror-transform "^1.0.0"

prosemirror-state@^1.0.0:
  version "1.1.0"
  resolved "https://registry.yarnpkg.com/prosemirror-state/-/prosemirror-state-1.1.0.tgz#36187dc53028bb61b53f6af3ba672e2995084bc6"
  dependencies:
    prosemirror-model "^1.0.0"
    prosemirror-transform "^1.0.0"

prosemirror-state@^1.2.3:
  version "1.2.3"
  resolved "https://registry.yarnpkg.com/prosemirror-state/-/prosemirror-state-1.2.3.tgz#b61e88e55336a4e5be088c0d21ac05f18cdd3dcd"
  dependencies:
    prosemirror-model "^1.0.0"
    prosemirror-transform "^1.0.0"

prosemirror-transform@^1.0.0:
  version "1.0.5"
  resolved "https://registry.yarnpkg.com/prosemirror-transform/-/prosemirror-transform-1.0.5.tgz#6d95172aaba1eb267c82e9044375e5e78c2dc5d8"
  dependencies:
    prosemirror-model "^1.0.0"

prosemirror-transform@^1.1.0:
  version "1.1.3"
  resolved "https://registry.yarnpkg.com/prosemirror-transform/-/prosemirror-transform-1.1.3.tgz#28cfdf1f9ee514edc40466be7b7db39eed545fdf"
  dependencies:
    prosemirror-model "^1.0.0"

prosemirror-view@^1.0.0:
  version "1.2.0"
  resolved "https://registry.yarnpkg.com/prosemirror-view/-/prosemirror-view-1.2.0.tgz#a3466a6f74a3af8aa70bf37c7779e961eeabf35b"
  dependencies:
    prosemirror-model "^1.1.0"
    prosemirror-state "^1.0.0"
    prosemirror-transform "^1.0.0"

prosemirror-view@^1.9.10:
  version "1.9.10"
  resolved "https://registry.yarnpkg.com/prosemirror-view/-/prosemirror-view-1.9.10.tgz#e2254e65f1496f7330d0fc1581f34d1962453604"
  dependencies:
    prosemirror-model "^1.1.0"
    prosemirror-state "^1.0.0"
    prosemirror-transform "^1.1.0"

reflect-metadata@^0.1.2:
  version "0.1.9"
  resolved "https://registry.yarnpkg.com/reflect-metadata/-/reflect-metadata-0.1.9.tgz#987238dc87a516895fe457f130435ffbd763a4d4"

rope-sequence@^1.2.0:
  version "1.2.2"
  resolved "https://registry.yarnpkg.com/rope-sequence/-/rope-sequence-1.2.2.tgz#49c4e5c2f54a48e990b050926771e2871bcb31ce"

rxjs@^5.2.0:
  version "5.5.7"
  resolved "https://registry.yarnpkg.com/rxjs/-/rxjs-5.5.7.tgz#afb3d1642b069b2fbf203903d6501d1acb4cda27"
  dependencies:
    symbol-observable "1.0.1"

source-map-support@^0.4.2:
  version "0.4.10"
  resolved "https://registry.yarnpkg.com/source-map-support/-/source-map-support-0.4.10.tgz#d7b19038040a14c0837a18e630a196453952b378"
  dependencies:
    source-map "^0.5.3"

source-map@^0.5.3, source-map@^0.5.6:
  version "0.5.6"
  resolved "https://registry.yarnpkg.com/source-map/-/source-map-0.5.6.tgz#75ce38f52bf0733c5a7f0c118d81334a2bb5f412"

sprintf-js@~1.0.2:
  version "1.0.3"
  resolved "https://registry.yarnpkg.com/sprintf-js/-/sprintf-js-1.0.3.tgz#04e6926f662895354f3dd015203633b857297e2c"

symbol-observable@1.0.1:
  version "1.0.1"
  resolved "https://registry.yarnpkg.com/symbol-observable/-/symbol-observable-1.0.1.tgz#8340fc4702c3122df5d22288f88283f513d3fdd4"

tsickle@^0.2:
  version "0.2.4"
  resolved "https://registry.yarnpkg.com/tsickle/-/tsickle-0.2.4.tgz#98f4837bf45eb142a90fec751f8e30c6a5bc7c06"
  dependencies:
    minimist "^1.2.0"
    mkdirp "^0.5.1"
    source-map "^0.5.6"
    source-map-support "^0.4.2"

typescript@^2.0.3:
  version "2.1.5"
  resolved "https://registry.yarnpkg.com/typescript/-/typescript-2.1.5.tgz#6fe9479e00e01855247cea216e7561bafcdbcd4a"

uc.micro@^1.0.1:
  version "1.0.5"
  resolved "https://registry.yarnpkg.com/uc.micro/-/uc.micro-1.0.5.tgz#0c65f15f815aa08b560a61ce8b4db7ffc3f45376"

uc.micro@^1.0.5:
  version "1.0.6"
  resolved "https://registry.yarnpkg.com/uc.micro/-/uc.micro-1.0.6.tgz#9c411a802a409a91fc6cf74081baba34b24499ac"

w3c-keyname@^1.1.8:
  version "1.1.8"
  resolved "https://registry.yarnpkg.com/w3c-keyname/-/w3c-keyname-1.1.8.tgz#4e2219663760fd6535b7a1550f1552d71fc9372c"

zone.js@^0.7.8:
  version "0.7.8"
  resolved "https://registry.yarnpkg.com/zone.js/-/zone.js-0.7.8.tgz#4f3fe8834d44597f2639053a0fa438df34fffded"
